// !$*UTF8*$!
{
	archiveVersion = 1;
	classes = {
	};
	objectVersion = 55;
	objects = {

/* Begin PBXBuildFile section */
		3064926C283625F70008F0D5 /* AppDelegate.swift in Sources */ = {isa = PBXBuildFile; fileRef = 3064926B283625F70008F0D5 /* AppDelegate.swift */; };
		3064926E283625F70008F0D5 /* SceneDelegate.swift in Sources */ = {isa = PBXBuildFile; fileRef = 3064926D283625F70008F0D5 /* SceneDelegate.swift */; };
		30649270283625F70008F0D5 /* ViewController.swift in Sources */ = {isa = PBXBuildFile; fileRef = 3064926F283625F70008F0D5 /* ViewController.swift */; };
		30649273283625F70008F0D5 /* Main.storyboard in Resources */ = {isa = PBXBuildFile; fileRef = 30649271283625F70008F0D5 /* Main.storyboard */; };
		30649275283625F90008F0D5 /* Assets.xcassets in Resources */ = {isa = PBXBuildFile; fileRef = 30649274283625F90008F0D5 /* Assets.xcassets */; };
		30649278283625F90008F0D5 /* LaunchScreen.storyboard in Resources */ = {isa = PBXBuildFile; fileRef = 30649276283625F90008F0D5 /* LaunchScreen.storyboard */; };
		30649283283625FA0008F0D5 /* NewsUpdateTests.swift in Sources */ = {isa = PBXBuildFile; fileRef = 30649282283625FA0008F0D5 /* NewsUpdateTests.swift */; };
		3064928D283625FA0008F0D5 /* NewsUpdateUITests.swift in Sources */ = {isa = PBXBuildFile; fileRef = 3064928C283625FA0008F0D5 /* NewsUpdateUITests.swift */; };
		3064928F283625FA0008F0D5 /* NewsUpdateUITestsLaunchTests.swift in Sources */ = {isa = PBXBuildFile; fileRef = 3064928E283625FA0008F0D5 /* NewsUpdateUITestsLaunchTests.swift */; };
		306492A028362A8C0008F0D5 /* NewsTableViewCell.swift in Sources */ = {isa = PBXBuildFile; fileRef = 3064929F28362A8C0008F0D5 /* NewsTableViewCell.swift */; };
		306492A428362E1D0008F0D5 /* NetworkService.swift in Sources */ = {isa = PBXBuildFile; fileRef = 306492A328362E1D0008F0D5 /* NetworkService.swift */; };
		3094CDBD283822B6003ED71A /* Kingfisher in Frameworks */ = {isa = PBXBuildFile; productRef = 3094CDBC283822B6003ED71A /* Kingfisher */; };
		30BD42012837750F001CC38F /* ArticlesModel.swift in Sources */ = {isa = PBXBuildFile; fileRef = 30BD42002837750F001CC38F /* ArticlesModel.swift */; };
		30BD420328377540001CC38F /* Article.swift in Sources */ = {isa = PBXBuildFile; fileRef = 30BD420228377540001CC38F /* Article.swift */; };
		30BD420528377568001CC38F /* Source.swift in Sources */ = {isa = PBXBuildFile; fileRef = 30BD420428377568001CC38F /* Source.swift */; };
		30BD420B28378CDE001CC38F /* WebViewController.swift in Sources */ = {isa = PBXBuildFile; fileRef = 30BD420A28378CDE001CC38F /* WebViewController.swift */; };
/* End PBXBuildFile section */

/* Begin PBXContainerItemProxy section */
		3064927F283625FA0008F0D5 /* PBXContainerItemProxy */ = {
			isa = PBXContainerItemProxy;
			containerPortal = 30649260283625F70008F0D5 /* Project object */;
			proxyType = 1;
			remoteGlobalIDString = 30649267283625F70008F0D5;
			remoteInfo = NewsUpdate;
		};
		30649289283625FA0008F0D5 /* PBXContainerItemProxy */ = {
			isa = PBXContainerItemProxy;
			containerPortal = 30649260283625F70008F0D5 /* Project object */;
			proxyType = 1;
			remoteGlobalIDString = 30649267283625F70008F0D5;
			remoteInfo = NewsUpdate;
		};
/* End PBXContainerItemProxy section */

/* Begin PBXFileReference section */
		30649268283625F70008F0D5 /* NewsUpdate.app */ = {isa = PBXFileReference; explicitFileType = wrapper.application; includeInIndex = 0; path = NewsUpdate.app; sourceTree = BUILT_PRODUCTS_DIR; };
		3064926B283625F70008F0D5 /* AppDelegate.swift */ = {isa = PBXFileReference; lastKnownFileType = sourcecode.swift; path = AppDelegate.swift; sourceTree = "<group>"; };
		3064926D283625F70008F0D5 /* SceneDelegate.swift */ = {isa = PBXFileReference; lastKnownFileType = sourcecode.swift; path = SceneDelegate.swift; sourceTree = "<group>"; };
		3064926F283625F70008F0D5 /* ViewController.swift */ = {isa = PBXFileReference; lastKnownFileType = sourcecode.swift; path = ViewController.swift; sourceTree = "<group>"; };
		30649272283625F70008F0D5 /* Base */ = {isa = PBXFileReference; lastKnownFileType = file.storyboard; name = Base; path = Base.lproj/Main.storyboard; sourceTree = "<group>"; };
		30649274283625F90008F0D5 /* Assets.xcassets */ = {isa = PBXFileReference; lastKnownFileType = folder.assetcatalog; path = Assets.xcassets; sourceTree = "<group>"; };
		30649277283625F90008F0D5 /* Base */ = {isa = PBXFileReference; lastKnownFileType = file.storyboard; name = Base; path = Base.lproj/LaunchScreen.storyboard; sourceTree = "<group>"; };
		30649279283625F90008F0D5 /* Info.plist */ = {isa = PBXFileReference; lastKnownFileType = text.plist.xml; path = Info.plist; sourceTree = "<group>"; };
		3064927E283625FA0008F0D5 /* NewsUpdateTests.xctest */ = {isa = PBXFileReference; explicitFileType = wrapper.cfbundle; includeInIndex = 0; path = NewsUpdateTests.xctest; sourceTree = BUILT_PRODUCTS_DIR; };
		30649282283625FA0008F0D5 /* NewsUpdateTests.swift */ = {isa = PBXFileReference; lastKnownFileType = sourcecode.swift; path = NewsUpdateTests.swift; sourceTree = "<group>"; };
		30649288283625FA0008F0D5 /* NewsUpdateUITests.xctest */ = {isa = PBXFileReference; explicitFileType = wrapper.cfbundle; includeInIndex = 0; path = NewsUpdateUITests.xctest; sourceTree = BUILT_PRODUCTS_DIR; };
		3064928C283625FA0008F0D5 /* NewsUpdateUITests.swift */ = {isa = PBXFileReference; lastKnownFileType = sourcecode.swift; path = NewsUpdateUITests.swift; sourceTree = "<group>"; };
		3064928E283625FA0008F0D5 /* NewsUpdateUITestsLaunchTests.swift */ = {isa = PBXFileReference; lastKnownFileType = sourcecode.swift; path = NewsUpdateUITestsLaunchTests.swift; sourceTree = "<group>"; };
		3064929F28362A8C0008F0D5 /* NewsTableViewCell.swift */ = {isa = PBXFileReference; lastKnownFileType = sourcecode.swift; path = NewsTableViewCell.swift; sourceTree = "<group>"; };
		306492A328362E1D0008F0D5 /* NetworkService.swift */ = {isa = PBXFileReference; lastKnownFileType = sourcecode.swift; path = NetworkService.swift; sourceTree = "<group>"; };
		30BD42002837750F001CC38F /* ArticlesModel.swift */ = {isa = PBXFileReference; lastKnownFileType = sourcecode.swift; path = ArticlesModel.swift; sourceTree = "<group>"; };
		30BD420228377540001CC38F /* Article.swift */ = {isa = PBXFileReference; lastKnownFileType = sourcecode.swift; path = Article.swift; sourceTree = "<group>"; };
		30BD420428377568001CC38F /* Source.swift */ = {isa = PBXFileReference; lastKnownFileType = sourcecode.swift; path = Source.swift; sourceTree = "<group>"; };
		30BD420A28378CDE001CC38F /* WebViewController.swift */ = {isa = PBXFileReference; lastKnownFileType = sourcecode.swift; path = WebViewController.swift; sourceTree = "<group>"; };
/* End PBXFileReference section */

/* Begin PBXFrameworksBuildPhase section */
		30649265283625F70008F0D5 /* Frameworks */ = {
			isa = PBXFrameworksBuildPhase;
			buildActionMask = 2147483647;
			files = (
				3094CDBD283822B6003ED71A /* Kingfisher in Frameworks */,
			);
			runOnlyForDeploymentPostprocessing = 0;
		};
		3064927B283625FA0008F0D5 /* Frameworks */ = {
			isa = PBXFrameworksBuildPhase;
			buildActionMask = 2147483647;
			files = (
			);
			runOnlyForDeploymentPostprocessing = 0;
		};
		30649285283625FA0008F0D5 /* Frameworks */ = {
			isa = PBXFrameworksBuildPhase;
			buildActionMask = 2147483647;
			files = (
			);
			runOnlyForDeploymentPostprocessing = 0;
		};
/* End PBXFrameworksBuildPhase section */

/* Begin PBXGroup section */
		3064925F283625F70008F0D5 = {
			isa = PBXGroup;
			children = (
				3064926A283625F70008F0D5 /* NewsUpdate */,
				30649281283625FA0008F0D5 /* NewsUpdateTests */,
				3064928B283625FA0008F0D5 /* NewsUpdateUITests */,
				30649269283625F70008F0D5 /* Products */,
			);
			sourceTree = "<group>";
		};
		30649269283625F70008F0D5 /* Products */ = {
			isa = PBXGroup;
			children = (
				30649268283625F70008F0D5 /* NewsUpdate.app */,
				3064927E283625FA0008F0D5 /* NewsUpdateTests.xctest */,
				30649288283625FA0008F0D5 /* NewsUpdateUITests.xctest */,
			);
			name = Products;
			sourceTree = "<group>";
		};
		3064926A283625F70008F0D5 /* NewsUpdate */ = {
			isa = PBXGroup;
			children = (
				3094CDB72837E1C9003ED71A /* StoryBoard */,
				3094CDB62837E1A3003ED71A /* ViewController */,
				30BD41FF283774DA001CC38F /* Models */,
				3094CDB52837E186003ED71A /* View */,
				30BD4206283776DA001CC38F /* Service */,
				3064926B283625F70008F0D5 /* AppDelegate.swift */,
				3064926D283625F70008F0D5 /* SceneDelegate.swift */,
				30649274283625F90008F0D5 /* Assets.xcassets */,
				30649279283625F90008F0D5 /* Info.plist */,
			);
			path = NewsUpdate;
			sourceTree = "<group>";
		};
		30649281283625FA0008F0D5 /* NewsUpdateTests */ = {
			isa = PBXGroup;
			children = (
				30649282283625FA0008F0D5 /* NewsUpdateTests.swift */,
			);
			path = NewsUpdateTests;
			sourceTree = "<group>";
		};
		3064928B283625FA0008F0D5 /* NewsUpdateUITests */ = {
			isa = PBXGroup;
			children = (
				3064928C283625FA0008F0D5 /* NewsUpdateUITests.swift */,
				3064928E283625FA0008F0D5 /* NewsUpdateUITestsLaunchTests.swift */,
			);
			path = NewsUpdateUITests;
			sourceTree = "<group>";
		};
		3094CDB52837E186003ED71A /* View */ = {
			isa = PBXGroup;
			children = (
				3064929F28362A8C0008F0D5 /* NewsTableViewCell.swift */,
			);
			path = View;
			sourceTree = "<group>";
		};
		3094CDB62837E1A3003ED71A /* ViewController */ = {
			isa = PBXGroup;
			children = (
				30BD420A28378CDE001CC38F /* WebViewController.swift */,
				3064926F283625F70008F0D5 /* ViewController.swift */,
			);
			path = ViewController;
			sourceTree = "<group>";
		};
		3094CDB72837E1C9003ED71A /* StoryBoard */ = {
			isa = PBXGroup;
			children = (
				30649271283625F70008F0D5 /* Main.storyboard */,
				30649276283625F90008F0D5 /* LaunchScreen.storyboard */,
			);
			path = StoryBoard;
			sourceTree = "<group>";
		};
		30BD41FF283774DA001CC38F /* Models */ = {
			isa = PBXGroup;
			children = (
				30BD42002837750F001CC38F /* ArticlesModel.swift */,
				30BD420228377540001CC38F /* Article.swift */,
				30BD420428377568001CC38F /* Source.swift */,
			);
			path = Models;
			sourceTree = "<group>";
		};
		30BD4206283776DA001CC38F /* Service */ = {
			isa = PBXGroup;
			children = (
				306492A328362E1D0008F0D5 /* NetworkService.swift */,
			);
			path = Service;
			sourceTree = "<group>";
		};
/* End PBXGroup section */

/* Begin PBXNativeTarget section */
		30649267283625F70008F0D5 /* NewsUpdate */ = {
			isa = PBXNativeTarget;
			buildConfigurationList = 30649292283625FA0008F0D5 /* Build configuration list for PBXNativeTarget "NewsUpdate" */;
			buildPhases = (
				30649264283625F70008F0D5 /* Sources */,
				30649265283625F70008F0D5 /* Frameworks */,
				30649266283625F70008F0D5 /* Resources */,
			);
			buildRules = (
			);
			dependencies = (
			);
			name = NewsUpdate;
			packageProductDependencies = (
				3094CDBC283822B6003ED71A /* Kingfisher */,
			);
			productName = NewsUpdate;
			productReference = 30649268283625F70008F0D5 /* NewsUpdate.app */;
			productType = "com.apple.product-type.application";
		};
		3064927D283625FA0008F0D5 /* NewsUpdateTests */ = {
			isa = PBXNativeTarget;
			buildConfigurationList = 30649295283625FA0008F0D5 /* Build configuration list for PBXNativeTarget "NewsUpdateTests" */;
			buildPhases = (
				3064927A283625FA0008F0D5 /* Sources */,
				3064927B283625FA0008F0D5 /* Frameworks */,
				3064927C283625FA0008F0D5 /* Resources */,
			);
			buildRules = (
			);
			dependencies = (
				30649280283625FA0008F0D5 /* PBXTargetDependency */,
			);
			name = NewsUpdateTests;
			productName = NewsUpdateTests;
			productReference = 3064927E283625FA0008F0D5 /* NewsUpdateTests.xctest */;
			productType = "com.apple.product-type.bundle.unit-test";
		};
		30649287283625FA0008F0D5 /* NewsUpdateUITests */ = {
			isa = PBXNativeTarget;
			buildConfigurationList = 30649298283625FA0008F0D5 /* Build configuration list for PBXNativeTarget "NewsUpdateUITests" */;
			buildPhases = (
				30649284283625FA0008F0D5 /* Sources */,
				30649285283625FA0008F0D5 /* Frameworks */,
				30649286283625FA0008F0D5 /* Resources */,
			);
			buildRules = (
			);
			dependencies = (
				3064928A283625FA0008F0D5 /* PBXTargetDependency */,
			);
			name = NewsUpdateUITests;
			productName = NewsUpdateUITests;
			productReference = 30649288283625FA0008F0D5 /* NewsUpdateUITests.xctest */;
			productType = "com.apple.product-type.bundle.ui-testing";
		};
/* End PBXNativeTarget section */

/* Begin PBXProject section */
		30649260283625F70008F0D5 /* Project object */ = {
			isa = PBXProject;
			attributes = {
				BuildIndependentTargetsInParallel = 1;
				LastSwiftUpdateCheck = 1330;
				LastUpgradeCheck = 1330;
				TargetAttributes = {
					30649267283625F70008F0D5 = {
						CreatedOnToolsVersion = 13.3.1;
					};
					3064927D283625FA0008F0D5 = {
						CreatedOnToolsVersion = 13.3.1;
						TestTargetID = 30649267283625F70008F0D5;
					};
					30649287283625FA0008F0D5 = {
						CreatedOnToolsVersion = 13.3.1;
						TestTargetID = 30649267283625F70008F0D5;
					};
				};
			};
			buildConfigurationList = 30649263283625F70008F0D5 /* Build configuration list for PBXProject "NewsUpdate" */;
			compatibilityVersion = "Xcode 13.0";
			developmentRegion = en;
			hasScannedForEncodings = 0;
			knownRegions = (
				en,
				Base,
			);
			mainGroup = 3064925F283625F70008F0D5;
			packageReferences = (
				3094CDBB283822B6003ED71A /* XCRemoteSwiftPackageReference "Kingfisher" */,
			);
			productRefGroup = 30649269283625F70008F0D5 /* Products */;
			projectDirPath = "";
			projectRoot = "";
			targets = (
				30649267283625F70008F0D5 /* NewsUpdate */,
				3064927D283625FA0008F0D5 /* NewsUpdateTests */,
				30649287283625FA0008F0D5 /* NewsUpdateUITests */,
			);
		};
/* End PBXProject section */

/* Begin PBXResourcesBuildPhase section */
		30649266283625F70008F0D5 /* Resources */ = {
			isa = PBXResourcesBuildPhase;
			buildActionMask = 2147483647;
			files = (
				30649278283625F90008F0D5 /* LaunchScreen.storyboard in Resources */,
				30649275283625F90008F0D5 /* Assets.xcassets in Resources */,
				30649273283625F70008F0D5 /* Main.storyboard in Resources */,
			);
			runOnlyForDeploymentPostprocessing = 0;
		};
		3064927C283625FA0008F0D5 /* Resources */ = {
			isa = PBXResourcesBuildPhase;
			buildActionMask = 2147483647;
			files = (
			);
			runOnlyForDeploymentPostprocessing = 0;
		};
		30649286283625FA0008F0D5 /* Resources */ = {
			isa = PBXResourcesBuildPhase;
			buildActionMask = 2147483647;
			files = (
			);
			runOnlyForDeploymentPostprocessing = 0;
		};
/* End PBXResourcesBuildPhase section */

/* Begin PBXSourcesBuildPhase section */
		30649264283625F70008F0D5 /* Sources */ = {
			isa = PBXSourcesBuildPhase;
			buildActionMask = 2147483647;
			files = (
				30BD420528377568001CC38F /* Source.swift in Sources */,
				30BD420B28378CDE001CC38F /* WebViewController.swift in Sources */,
				30BD420328377540001CC38F /* Article.swift in Sources */,
				306492A428362E1D0008F0D5 /* NetworkService.swift in Sources */,
				30649270283625F70008F0D5 /* ViewController.swift in Sources */,
				3064926C283625F70008F0D5 /* AppDelegate.swift in Sources */,
				306492A028362A8C0008F0D5 /* NewsTableViewCell.swift in Sources */,
				30BD42012837750F001CC38F /* ArticlesModel.swift in Sources */,
				3064926E283625F70008F0D5 /* SceneDelegate.swift in Sources */,
			);
			runOnlyForDeploymentPostprocessing = 0;
		};
		3064927A283625FA0008F0D5 /* Sources */ = {
			isa = PBXSourcesBuildPhase;
			buildActionMask = 2147483647;
			files = (
				30649283283625FA0008F0D5 /* NewsUpdateTests.swift in Sources */,
			);
			runOnlyForDeploymentPostprocessing = 0;
		};
		30649284283625FA0008F0D5 /* Sources */ = {
			isa = PBXSourcesBuildPhase;
			buildActionMask = 2147483647;
			files = (
				3064928F283625FA0008F0D5 /* NewsUpdateUITestsLaunchTests.swift in Sources */,
				3064928D283625FA0008F0D5 /* NewsUpdateUITests.swift in Sources */,
			);
			runOnlyForDeploymentPostprocessing = 0;
		};
/* End PBXSourcesBuildPhase section */

/* Begin PBXTargetDependency section */
		30649280283625FA0008F0D5 /* PBXTargetDependency */ = {
			isa = PBXTargetDependency;
			target = 30649267283625F70008F0D5 /* NewsUpdate */;
			targetProxy = 3064927F283625FA0008F0D5 /* PBXContainerItemProxy */;
		};
		3064928A283625FA0008F0D5 /* PBXTargetDependency */ = {
			isa = PBXTargetDependency;
			target = 30649267283625F70008F0D5 /* NewsUpdate */;
			targetProxy = 30649289283625FA0008F0D5 /* PBXContainerItemProxy */;
		};
/* End PBXTargetDependency section */

/* Begin PBXVariantGroup section */
		30649271283625F70008F0D5 /* Main.storyboard */ = {
			isa = PBXVariantGroup;
			children = (
				30649272283625F70008F0D5 /* Base */,
			);
			name = Main.storyboard;
			sourceTree = "<group>";
		};
		30649276283625F90008F0D5 /* LaunchScreen.storyboard */ = {
			isa = PBXVariantGroup;
			children = (
				30649277283625F90008F0D5 /* Base */,
			);
			name = LaunchScreen.storyboard;
			sourceTree = "<group>";
		};
/* End PBXVariantGroup section */

/* Begin XCBuildConfiguration section */
		30649290283625FA0008F0D5 /* Debug */ = {
			isa = XCBuildConfiguration;
			buildSettings = {
				ALWAYS_SEARCH_USER_PATHS = NO;
				CLANG_ANALYZER_NONNULL = YES;
				CLANG_ANALYZER_NUMBER_OBJECT_CONVERSION = YES_AGGRESSIVE;
				CLANG_CXX_LANGUAGE_STANDARD = "gnu++17";
				CLANG_ENABLE_MODULES = YES;
				CLANG_ENABLE_OBJC_ARC = YES;
				CLANG_ENABLE_OBJC_WEAK = YES;
				CLANG_WARN_BLOCK_CAPTURE_AUTORELEASING = YES;
				CLANG_WARN_BOOL_CONVERSION = YES;
				CLANG_WARN_COMMA = YES;
				CLANG_WARN_CONSTANT_CONVERSION = YES;
				CLANG_WARN_DEPRECATED_OBJC_IMPLEMENTATIONS = YES;
				CLANG_WARN_DIRECT_OBJC_ISA_USAGE = YES_ERROR;
				CLANG_WARN_DOCUMENTATION_COMMENTS = YES;
				CLANG_WARN_EMPTY_BODY = YES;
				CLANG_WARN_ENUM_CONVERSION = YES;
				CLANG_WARN_INFINITE_RECURSION = YES;
				CLANG_WARN_INT_CONVERSION = YES;
				CLANG_WARN_NON_LITERAL_NULL_CONVERSION = YES;
				CLANG_WARN_OBJC_IMPLICIT_RETAIN_SELF = YES;
				CLANG_WARN_OBJC_LITERAL_CONVERSION = YES;
				CLANG_WARN_OBJC_ROOT_CLASS = YES_ERROR;
				CLANG_WARN_QUOTED_INCLUDE_IN_FRAMEWORK_HEADER = YES;
				CLANG_WARN_RANGE_LOOP_ANALYSIS = YES;
				CLANG_WARN_STRICT_PROTOTYPES = YES;
				CLANG_WARN_SUSPICIOUS_MOVE = YES;
				CLANG_WARN_UNGUARDED_AVAILABILITY = YES_AGGRESSIVE;
				CLANG_WARN_UNREACHABLE_CODE = YES;
				CLANG_WARN__DUPLICATE_METHOD_MATCH = YES;
				COPY_PHASE_STRIP = NO;
				DEBUG_INFORMATION_FORMAT = dwarf;
				ENABLE_STRICT_OBJC_MSGSEND = YES;
				ENABLE_TESTABILITY = YES;
				GCC_C_LANGUAGE_STANDARD = gnu11;
				GCC_DYNAMIC_NO_PIC = NO;
				GCC_NO_COMMON_BLOCKS = YES;
				GCC_OPTIMIZATION_LEVEL = 0;
				GCC_PREPROCESSOR_DEFINITIONS = (
					"DEBUG=1",
					"$(inherited)",
				);
				GCC_WARN_64_TO_32_BIT_CONVERSION = YES;
				GCC_WARN_ABOUT_RETURN_TYPE = YES_ERROR;
				GCC_WARN_UNDECLARED_SELECTOR = YES;
				GCC_WARN_UNINITIALIZED_AUTOS = YES_AGGRESSIVE;
				GCC_WARN_UNUSED_FUNCTION = YES;
				GCC_WARN_UNUSED_VARIABLE = YES;
				IPHONEOS_DEPLOYMENT_TARGET = 15.4;
				MTL_ENABLE_DEBUG_INFO = INCLUDE_SOURCE;
				MTL_FAST_MATH = YES;
				ONLY_ACTIVE_ARCH = YES;
				SDKROOT = iphoneos;
				SWIFT_ACTIVE_COMPILATION_CONDITIONS = DEBUG;
				SWIFT_OPTIMIZATION_LEVEL = "-Onone";
			};
			name = Debug;
		};
		30649291283625FA0008F0D5 /* Release */ = {
			isa = XCBuildConfiguration;
			buildSettings = {
				ALWAYS_SEARCH_USER_PATHS = NO;
				CLANG_ANALYZER_NONNULL = YES;
				CLANG_ANALYZER_NUMBER_OBJECT_CONVERSION = YES_AGGRESSIVE;
				CLANG_CXX_LANGUAGE_STANDARD = "gnu++17";
				CLANG_ENABLE_MODULES = YES;
				CLANG_ENABLE_OBJC_ARC = YES;
				CLANG_ENABLE_OBJC_WEAK = YES;
				CLANG_WARN_BLOCK_CAPTURE_AUTORELEASING = YES;
				CLANG_WARN_BOOL_CONVERSION = YES;
				CLANG_WARN_COMMA = YES;
				CLANG_WARN_CONSTANT_CONVERSION = YES;
				CLANG_WARN_DEPRECATED_OBJC_IMPLEMENTATIONS = YES;
				CLANG_WARN_DIRECT_OBJC_ISA_USAGE = YES_ERROR;
				CLANG_WARN_DOCUMENTATION_COMMENTS = YES;
				CLANG_WARN_EMPTY_BODY = YES;
				CLANG_WARN_ENUM_CONVERSION = YES;
				CLANG_WARN_INFINITE_RECURSION = YES;
				CLANG_WARN_INT_CONVERSION = YES;
				CLANG_WARN_NON_LITERAL_NULL_CONVERSION = YES;
				CLANG_WARN_OBJC_IMPLICIT_RETAIN_SELF = YES;
				CLANG_WARN_OBJC_LITERAL_CONVERSION = YES;
				CLANG_WARN_OBJC_ROOT_CLASS = YES_ERROR;
				CLANG_WARN_QUOTED_INCLUDE_IN_FRAMEWORK_HEADER = YES;
				CLANG_WARN_RANGE_LOOP_ANALYSIS = YES;
				CLANG_WARN_STRICT_PROTOTYPES = YES;
				CLANG_WARN_SUSPICIOUS_MOVE = YES;
				CLANG_WARN_UNGUARDED_AVAILABILITY = YES_AGGRESSIVE;
				CLANG_WARN_UNREACHABLE_CODE = YES;
				CLANG_WARN__DUPLICATE_METHOD_MATCH = YES;
				COPY_PHASE_STRIP = NO;
				DEBUG_INFORMATION_FORMAT = "dwarf-with-dsym";
				ENABLE_NS_ASSERTIONS = NO;
				ENABLE_STRICT_OBJC_MSGSEND = YES;
				GCC_C_LANGUAGE_STANDARD = gnu11;
				GCC_NO_COMMON_BLOCKS = YES;
				GCC_WARN_64_TO_32_BIT_CONVERSION = YES;
				GCC_WARN_ABOUT_RETURN_TYPE = YES_ERROR;
				GCC_WARN_UNDECLARED_SELECTOR = YES;
				GCC_WARN_UNINITIALIZED_AUTOS = YES_AGGRESSIVE;
				GCC_WARN_UNUSED_FUNCTION = YES;
				GCC_WARN_UNUSED_VARIABLE = YES;
				IPHONEOS_DEPLOYMENT_TARGET = 15.4;
				MTL_ENABLE_DEBUG_INFO = NO;
				MTL_FAST_MATH = YES;
				SDKROOT = iphoneos;
				SWIFT_COMPILATION_MODE = wholemodule;
				SWIFT_OPTIMIZATION_LEVEL = "-O";
				VALIDATE_PRODUCT = YES;
			};
			name = Release;
		};
		30649293283625FA0008F0D5 /* Debug */ = {
			isa = XCBuildConfiguration;
			buildSettings = {
				ASSETCATALOG_COMPILER_APPICON_NAME = AppIcon;
				ASSETCATALOG_COMPILER_GLOBAL_ACCENT_COLOR_NAME = AccentColor;
				CODE_SIGN_STYLE = Automatic;
				CURRENT_PROJECT_VERSION = 1;
				DEVELOPMENT_TEAM = KZZ4678S6A;
				GENERATE_INFOPLIST_FILE = YES;
				INFOPLIST_FILE = NewsUpdate/Info.plist;
				INFOPLIST_KEY_UIApplicationSupportsIndirectInputEvents = YES;
				INFOPLIST_KEY_UILaunchStoryboardName = LaunchScreen;
				INFOPLIST_KEY_UIMainStoryboardFile = Main;
				INFOPLIST_KEY_UISupportedInterfaceOrientations_iPad = "UIInterfaceOrientationPortrait UIInterfaceOrientationPortraitUpsideDown UIInterfaceOrientationLandscapeLeft UIInterfaceOrientationLandscapeRight";
				INFOPLIST_KEY_UISupportedInterfaceOrientations_iPhone = "UIInterfaceOrientationPortrait UIInterfaceOrientationLandscapeLeft UIInterfaceOrientationLandscapeRight";
				LD_RUNPATH_SEARCH_PATHS = (
					"$(inherited)",
					"@executable_path/Frameworks",
				);
				MARKETING_VERSION = 1.0;
				PRODUCT_BUNDLE_IDENTIFIER = self.NewsUpdate;
				PRODUCT_NAME = "$(TARGET_NAME)";
				SWIFT_EMIT_LOC_STRINGS = YES;
				SWIFT_VERSION = 5.0;
				TARGETED_DEVICE_FAMILY = "1,2";
			};
			name = Debug;
		};
		30649294283625FA0008F0D5 /* Release */ = {
			isa = XCBuildConfiguration;
			buildSettings = {
				ASSETCATALOG_COMPILER_APPICON_NAME = AppIcon;
				ASSETCATALOG_COMPILER_GLOBAL_ACCENT_COLOR_NAME = AccentColor;
				CODE_SIGN_STYLE = Automatic;
				CURRENT_PROJECT_VERSION = 1;
				DEVELOPMENT_TEAM = KZZ4678S6A;
				GENERATE_INFOPLIST_FILE = YES;
				INFOPLIST_FILE = NewsUpdate/Info.plist;
				INFOPLIST_KEY_UIApplicationSupportsIndirectInputEvents = YES;
				INFOPLIST_KEY_UILaunchStoryboardName = LaunchScreen;
				INFOPLIST_KEY_UIMainStoryboardFile = Main;
				INFOPLIST_KEY_UISupportedInterfaceOrientations_iPad = "UIInterfaceOrientationPortrait UIInterfaceOrientationPortraitUpsideDown UIInterfaceOrientationLandscapeLeft UIInterfaceOrientationLandscapeRight";
				INFOPLIST_KEY_UISupportedInterfaceOrientations_iPhone = "UIInterfaceOrientationPortrait UIInterfaceOrientationLandscapeLeft UIInterfaceOrientationLandscapeRight";
				LD_RUNPATH_SEARCH_PATHS = (
					"$(inherited)",
					"@executable_path/Frameworks",
				);
				MARKETING_VERSION = 1.0;
				PRODUCT_BUNDLE_IDENTIFIER = self.NewsUpdate;
				PRODUCT_NAME = "$(TARGET_NAME)";
				SWIFT_EMIT_LOC_STRINGS = YES;
				SWIFT_VERSION = 5.0;
				TARGETED_DEVICE_FAMILY = "1,2";
			};
			name = Release;
		};
		30649296283625FA0008F0D5 /* Debug */ = {
			isa = XCBuildConfiguration;
			buildSettings = {
				ALWAYS_EMBED_SWIFT_STANDARD_LIBRARIES = YES;
				BUNDLE_LOADER = "$(TEST_HOST)";
				CODE_SIGN_STYLE = Automatic;
				CURRENT_PROJECT_VERSION = 1;
				DEVELOPMENT_TEAM = KZZ4678S6A;
				GENERATE_INFOPLIST_FILE = YES;
				IPHONEOS_DEPLOYMENT_TARGET = 15.4;
				MARKETING_VERSION = 1.0;
				PRODUCT_BUNDLE_IDENTIFIER = self.NewsUpdateTests;
				PRODUCT_NAME = "$(TARGET_NAME)";
				SWIFT_EMIT_LOC_STRINGS = NO;
				SWIFT_VERSION = 5.0;
				TARGETED_DEVICE_FAMILY = "1,2";
				TEST_HOST = "$(BUILT_PRODUCTS_DIR)/NewsUpdate.app/NewsUpdate";
			};
			name = Debug;
		};
		30649297283625FA0008F0D5 /* Release */ = {
			isa = XCBuildConfiguration;
			buildSettings = {
				ALWAYS_EMBED_SWIFT_STANDARD_LIBRARIES = YES;
				BUNDLE_LOADER = "$(TEST_HOST)";
				CODE_SIGN_STYLE = Automatic;
				CURRENT_PROJECT_VERSION = 1;
				DEVELOPMENT_TEAM = KZZ4678S6A;
				GENERATE_INFOPLIST_FILE = YES;
				IPHONEOS_DEPLOYMENT_TARGET = 15.4;
				MARKETING_VERSION = 1.0;
				PRODUCT_BUNDLE_IDENTIFIER = self.NewsUpdateTests;
				PRODUCT_NAME = "$(TARGET_NAME)";
				SWIFT_EMIT_LOC_STRINGS = NO;
				SWIFT_VERSION = 5.0;
				TARGETED_DEVICE_FAMILY = "1,2";
				TEST_HOST = "$(BUILT_PRODUCTS_DIR)/NewsUpdate.app/NewsUpdate";
			};
			name = Release;
		};
		30649299283625FA0008F0D5 /* Debug */ = {
			isa = XCBuildConfiguration;
			buildSettings = {
				ALWAYS_EMBED_SWIFT_STANDARD_LIBRARIES = YES;
				CODE_SIGN_STYLE = Automatic;
				CURRENT_PROJECT_VERSION = 1;
				DEVELOPMENT_TEAM = KZZ4678S6A;
				GENERATE_INFOPLIST_FILE = YES;
				MARKETING_VERSION = 1.0;
				PRODUCT_BUNDLE_IDENTIFIER = self.NewsUpdateUITests;
				PRODUCT_NAME = "$(TARGET_NAME)";
				SWIFT_EMIT_LOC_STRINGS = NO;
				SWIFT_VERSION = 5.0;
				TARGETED_DEVICE_FAMILY = "1,2";
				TEST_TARGET_NAME = NewsUpdate;
			};
			name = Debug;
		};
		3064929A283625FA0008F0D5 /* Release */ = {
			isa = XCBuildConfiguration;
			buildSettings = {
				ALWAYS_EMBED_SWIFT_STANDARD_LIBRARIES = YES;
				CODE_SIGN_STYLE = Automatic;
				CURRENT_PROJECT_VERSION = 1;
				DEVELOPMENT_TEAM = KZZ4678S6A;
				GENERATE_INFOPLIST_FILE = YES;
				MARKETING_VERSION = 1.0;
				PRODUCT_BUNDLE_IDENTIFIER = self.NewsUpdateUITests;
				PRODUCT_NAME = "$(TARGET_NAME)";
				SWIFT_EMIT_LOC_STRINGS = NO;
				SWIFT_VERSION = 5.0;
				TARGETED_DEVICE_FAMILY = "1,2";
				TEST_TARGET_NAME = NewsUpdate;
			};
			name = Release;
		};
/* End XCBuildConfiguration section */

/* Begin XCConfigurationList section */
		30649263283625F70008F0D5 /* Build configuration list for PBXProject "NewsUpdate" */ = {
			isa = XCConfigurationList;
			buildConfigurations = (
				30649290283625FA0008F0D5 /* Debug */,
				30649291283625FA0008F0D5 /* Release */,
			);
			defaultConfigurationIsVisible = 0;
			defaultConfigurationName = Release;
		};
		30649292283625FA0008F0D5 /* Build configuration list for PBXNativeTarget "NewsUpdate" */ = {
			isa = XCConfigurationList;
			buildConfigurations = (
				30649293283625FA0008F0D5 /* Debug */,
				30649294283625FA0008F0D5 /* Release */,
			);
			defaultConfigurationIsVisible = 0;
			defaultConfigurationName = Release;
		};
		30649295283625FA0008F0D5 /* Build configuration list for PBXNativeTarget "NewsUpdateTests" */ = {
			isa = XCConfigurationList;
			buildConfigurations = (
				30649296283625FA0008F0D5 /* Debug */,
				30649297283625FA0008F0D5 /* Release */,
			);
			defaultConfigurationIsVisible = 0;
			defaultConfigurationName = Release;
		};
		30649298283625FA0008F0D5 /* Build configuration list for PBXNativeTarget "NewsUpdateUITests" */ = {
			isa = XCConfigurationList;
			buildConfigurations = (
				30649299283625FA0008F0D5 /* Debug */,
				3064929A283625FA0008F0D5 /* Release */,
			);
			defaultConfigurationIsVisible = 0;
			defaultConfigurationName = Release;
		};
/* End XCConfigurationList section */

/* Begin XCRemoteSwiftPackageReference section */
		3094CDBB283822B6003ED71A /* XCRemoteSwiftPackageReference "Kingfisher" */ = {
			isa = XCRemoteSwiftPackageReference;
			repositoryURL = "https://github.com/onevcat/Kingfisher.git";
			requirement = {
				branch = master;
				kind = branch;
			};
		};
/* End XCRemoteSwiftPackageReference section */

/* Begin XCSwiftPackageProductDependency section */
		3094CDBC283822B6003ED71A /* Kingfisher */ = {
			isa = XCSwiftPackageProductDependency;
			package = 3094CDBB283822B6003ED71A /* XCRemoteSwiftPackageReference "Kingfisher" */;
			productName = Kingfisher;
		};
/* End XCSwiftPackageProductDependency section */
	};
	rootObject = 30649260283625F70008F0D5 /* Project object */;
}
